
Microsoft Visual Studio Solution File, Format Version 12.00
# Visual Studio Version 16
VisualStudioVersion = 16.0.29920.165
MinimumVisualStudioVersion = 10.0.40219.1
Project("{FAE04EC0-301F-11D3-BF4B-00C04F79EFBC}") = "SnapZ Client Interface", "SnapZ Client Interface.csproj", "{36129015-9286-449D-9E1F-CE411C780590}"
EndProject
Global
	GlobalSection(SolutionConfigurationPlatforms) = preSolution
		Debug|Any CPU = Debug|Any CPU
		Release|Any CPU = Release|Any CPU
	EndGlobalSection
	GlobalSection(ProjectConfigurationPlatforms) = postSolution
		{36129015-9286-449D-9E1F-CE411C780590}.Debug|Any CPU.ActiveCfg = Debug|Any CPU
		{36129015-9286-449D-9E1F-CE411C780590}.Debug|Any CPU.Build.0 = Debug|Any CPU
		{36129015-9286-449D-9E1F-CE411C780590}.Release|Any CPU.ActiveCfg = Release|Any CPU
		{36129015-9286-449D-9E1F-CE411C780590}.Release|Any CPU.Build.0 = Release|Any CPU
	EndGlobalSection
	GlobalSection(SolutionProperties) = preSolution
		HideSolutionNode = FALSE
	EndGlobalSection
	GlobalSection(ExtensibilityGlobals) = postSolution
		SolutionGuid = {058C0A57-4991-4178-A77B-4262F258CB2D}
	EndGlobalSection
EndGlobal
